// !$*UTF8*$!
{
	archiveVersion = 1;
	classes = {
	};
	objectVersion = 56;
	objects = {

/* Begin PBXBuildFile section */
		05F6A4C8CD95E7A814F1D568 /* Pods_PestTech.framework in Frameworks */ = {isa = PBXBuildFile; fileRef = 51B31C2E784ECE56131FA5D5 /* Pods_PestTech.framework */; };
		13BA5C1B16D7D036471AEB93 /* Pods_PestTechTests.framework in Frameworks */ = {isa = PBXBuildFile; fileRef = 9FA8A167C7155BFF9DEB0F10 /* Pods_PestTechTests.framework */; };
		D341158E577175B4CAF9A4DF /* Pods_PestTech_PestTechUITests.framework in Frameworks */ = {isa = PBXBuildFile; fileRef = 3A9D77677F7A6C8620FFAB52 /* Pods_PestTech_PestTechUITests.framework */; };
		FD0439A0290B4C30008938F1 /* AppDelegate.swift in Sources */ = {isa = PBXBuildFile; fileRef = FD04399F290B4C30008938F1 /* AppDelegate.swift */; };
		FD0439A2290B4C30008938F1 /* SceneDelegate.swift in Sources */ = {isa = PBXBuildFile; fileRef = FD0439A1290B4C30008938F1 /* SceneDelegate.swift */; };
		FD0439A4290B4C30008938F1 /* ViewController.swift in Sources */ = {isa = PBXBuildFile; fileRef = FD0439A3290B4C30008938F1 /* ViewController.swift */; };
		FD0439A7290B4C30008938F1 /* Main.storyboard in Resources */ = {isa = PBXBuildFile; fileRef = FD0439A5290B4C30008938F1 /* Main.storyboard */; };
		FD0439A9290B4C31008938F1 /* Assets.xcassets in Resources */ = {isa = PBXBuildFile; fileRef = FD0439A8290B4C31008938F1 /* Assets.xcassets */; };
		FD0439AC290B4C31008938F1 /* LaunchScreen.storyboard in Resources */ = {isa = PBXBuildFile; fileRef = FD0439AA290B4C31008938F1 /* LaunchScreen.storyboard */; };
		FD0439B7290B4C31008938F1 /* PestTechTests.swift in Sources */ = {isa = PBXBuildFile; fileRef = FD0439B6290B4C31008938F1 /* PestTechTests.swift */; };
		FD0439C1290B4C31008938F1 /* PestTechUITests.swift in Sources */ = {isa = PBXBuildFile; fileRef = FD0439C0290B4C31008938F1 /* PestTechUITests.swift */; };
		FD0439C3290B4C31008938F1 /* PestTechUITestsLaunchTests.swift in Sources */ = {isa = PBXBuildFile; fileRef = FD0439C2290B4C31008938F1 /* PestTechUITestsLaunchTests.swift */; };
		FDE50D9B2911C7BD00A28D86 /* ListViewController.swift in Sources */ = {isa = PBXBuildFile; fileRef = FDE50D9A2911C7BD00A28D86 /* ListViewController.swift */; };
		FDE50D9D2911C7FA00A28D86 /* ListCell.swift in Sources */ = {isa = PBXBuildFile; fileRef = FDE50D9C2911C7FA00A28D86 /* ListCell.swift */; };
/* End PBXBuildFile section */

/* Begin PBXContainerItemProxy section */
		FD0439B3290B4C31008938F1 /* PBXContainerItemProxy */ = {
			isa = PBXContainerItemProxy;
			containerPortal = FD043994290B4C30008938F1 /* Project object */;
			proxyType = 1;
			remoteGlobalIDString = FD04399B290B4C30008938F1;
			remoteInfo = PestTech;
		};
		FD0439BD290B4C31008938F1 /* PBXContainerItemProxy */ = {
			isa = PBXContainerItemProxy;
			containerPortal = FD043994290B4C30008938F1 /* Project object */;
			proxyType = 1;
			remoteGlobalIDString = FD04399B290B4C30008938F1;
			remoteInfo = PestTech;
		};
/* End PBXContainerItemProxy section */

/* Begin PBXFileReference section */
		3548DF3E429FEB848464E86D /* Pods-PestTechTests.debug.xcconfig */ = {isa = PBXFileReference; includeInIndex = 1; lastKnownFileType = text.xcconfig; name = "Pods-PestTechTests.debug.xcconfig"; path = "Target Support Files/Pods-PestTechTests/Pods-PestTechTests.debug.xcconfig"; sourceTree = "<group>"; };
		3A9D77677F7A6C8620FFAB52 /* Pods_PestTech_PestTechUITests.framework */ = {isa = PBXFileReference; explicitFileType = wrapper.framework; includeInIndex = 0; path = Pods_PestTech_PestTechUITests.framework; sourceTree = BUILT_PRODUCTS_DIR; };
		51B31C2E784ECE56131FA5D5 /* Pods_PestTech.framework */ = {isa = PBXFileReference; explicitFileType = wrapper.framework; includeInIndex = 0; path = Pods_PestTech.framework; sourceTree = BUILT_PRODUCTS_DIR; };
		8AA1709C2B654BB368DF7B97 /* Pods-PestTechTests.release.xcconfig */ = {isa = PBXFileReference; includeInIndex = 1; lastKnownFileType = text.xcconfig; name = "Pods-PestTechTests.release.xcconfig"; path = "Target Support Files/Pods-PestTechTests/Pods-PestTechTests.release.xcconfig"; sourceTree = "<group>"; };
		942B312DE0D7D9080CD4256D /* Pods-PestTech-PestTechUITests.release.xcconfig */ = {isa = PBXFileReference; includeInIndex = 1; lastKnownFileType = text.xcconfig; name = "Pods-PestTech-PestTechUITests.release.xcconfig"; path = "Target Support Files/Pods-PestTech-PestTechUITests/Pods-PestTech-PestTechUITests.release.xcconfig"; sourceTree = "<group>"; };
		9D9E615D9D90953B3F84EFCD /* Pods-PestTech.release.xcconfig */ = {isa = PBXFileReference; includeInIndex = 1; lastKnownFileType = text.xcconfig; name = "Pods-PestTech.release.xcconfig"; path = "Target Support Files/Pods-PestTech/Pods-PestTech.release.xcconfig"; sourceTree = "<group>"; };
		9FA8A167C7155BFF9DEB0F10 /* Pods_PestTechTests.framework */ = {isa = PBXFileReference; explicitFileType = wrapper.framework; includeInIndex = 0; path = Pods_PestTechTests.framework; sourceTree = BUILT_PRODUCTS_DIR; };
		C19C2280294C4518BB4A1659 /* Pods-PestTech-PestTechUITests.debug.xcconfig */ = {isa = PBXFileReference; includeInIndex = 1; lastKnownFileType = text.xcconfig; name = "Pods-PestTech-PestTechUITests.debug.xcconfig"; path = "Target Support Files/Pods-PestTech-PestTechUITests/Pods-PestTech-PestTechUITests.debug.xcconfig"; sourceTree = "<group>"; };
		FC870A2BEE06DC0BD2E22D49 /* Pods-PestTech.debug.xcconfig */ = {isa = PBXFileReference; includeInIndex = 1; lastKnownFileType = text.xcconfig; name = "Pods-PestTech.debug.xcconfig"; path = "Target Support Files/Pods-PestTech/Pods-PestTech.debug.xcconfig"; sourceTree = "<group>"; };
		FD04399C290B4C30008938F1 /* PestTech.app */ = {isa = PBXFileReference; explicitFileType = wrapper.application; includeInIndex = 0; path = PestTech.app; sourceTree = BUILT_PRODUCTS_DIR; };
		FD04399F290B4C30008938F1 /* AppDelegate.swift */ = {isa = PBXFileReference; lastKnownFileType = sourcecode.swift; path = AppDelegate.swift; sourceTree = "<group>"; };
		FD0439A1290B4C30008938F1 /* SceneDelegate.swift */ = {isa = PBXFileReference; lastKnownFileType = sourcecode.swift; path = SceneDelegate.swift; sourceTree = "<group>"; };
		FD0439A3290B4C30008938F1 /* ViewController.swift */ = {isa = PBXFileReference; lastKnownFileType = sourcecode.swift; path = ViewController.swift; sourceTree = "<group>"; };
		FD0439A6290B4C30008938F1 /* Base */ = {isa = PBXFileReference; lastKnownFileType = file.storyboard; name = Base; path = Base.lproj/Main.storyboard; sourceTree = "<group>"; };
		FD0439A8290B4C31008938F1 /* Assets.xcassets */ = {isa = PBXFileReference; lastKnownFileType = folder.assetcatalog; path = Assets.xcassets; sourceTree = "<group>"; };
		FD0439AB290B4C31008938F1 /* Base */ = {isa = PBXFileReference; lastKnownFileType = file.storyboard; name = Base; path = Base.lproj/LaunchScreen.storyboard; sourceTree = "<group>"; };
		FD0439AD290B4C31008938F1 /* Info.plist */ = {isa = PBXFileReference; lastKnownFileType = text.plist.xml; path = Info.plist; sourceTree = "<group>"; };
		FD0439B2290B4C31008938F1 /* PestTechTests.xctest */ = {isa = PBXFileReference; explicitFileType = wrapper.cfbundle; includeInIndex = 0; path = PestTechTests.xctest; sourceTree = BUILT_PRODUCTS_DIR; };
		FD0439B6290B4C31008938F1 /* PestTechTests.swift */ = {isa = PBXFileReference; lastKnownFileType = sourcecode.swift; path = PestTechTests.swift; sourceTree = "<group>"; };
		FD0439BC290B4C31008938F1 /* PestTechUITests.xctest */ = {isa = PBXFileReference; explicitFileType = wrapper.cfbundle; includeInIndex = 0; path = PestTechUITests.xctest; sourceTree = BUILT_PRODUCTS_DIR; };
		FD0439C0290B4C31008938F1 /* PestTechUITests.swift */ = {isa = PBXFileReference; lastKnownFileType = sourcecode.swift; path = PestTechUITests.swift; sourceTree = "<group>"; };
		FD0439C2290B4C31008938F1 /* PestTechUITestsLaunchTests.swift */ = {isa = PBXFileReference; lastKnownFileType = sourcecode.swift; path = PestTechUITestsLaunchTests.swift; sourceTree = "<group>"; };
		FDE50D9A2911C7BD00A28D86 /* ListViewController.swift */ = {isa = PBXFileReference; lastKnownFileType = sourcecode.swift; path = ListViewController.swift; sourceTree = "<group>"; };
		FDE50D9C2911C7FA00A28D86 /* ListCell.swift */ = {isa = PBXFileReference; lastKnownFileType = sourcecode.swift; path = ListCell.swift; sourceTree = "<group>"; };
/* End PBXFileReference section */

/* Begin PBXFrameworksBuildPhase section */
		FD043999290B4C30008938F1 /* Frameworks */ = {
			isa = PBXFrameworksBuildPhase;
			buildActionMask = 2147483647;
			files = (
				05F6A4C8CD95E7A814F1D568 /* Pods_PestTech.framework in Frameworks */,
			);
			runOnlyForDeploymentPostprocessing = 0;
		};
		FD0439AF290B4C31008938F1 /* Frameworks */ = {
			isa = PBXFrameworksBuildPhase;
			buildActionMask = 2147483647;
			files = (
				13BA5C1B16D7D036471AEB93 /* Pods_PestTechTests.framework in Frameworks */,
			);
			runOnlyForDeploymentPostprocessing = 0;
		};
		FD0439B9290B4C31008938F1 /* Frameworks */ = {
			isa = PBXFrameworksBuildPhase;
			buildActionMask = 2147483647;
			files = (
				D341158E577175B4CAF9A4DF /* Pods_PestTech_PestTechUITests.framework in Frameworks */,
			);
			runOnlyForDeploymentPostprocessing = 0;
		};
/* End PBXFrameworksBuildPhase section */

/* Begin PBXGroup section */
		7872BFEDF565C33BEFED70D9 /* Frameworks */ = {
			isa = PBXGroup;
			children = (
				51B31C2E784ECE56131FA5D5 /* Pods_PestTech.framework */,
				3A9D77677F7A6C8620FFAB52 /* Pods_PestTech_PestTechUITests.framework */,
				9FA8A167C7155BFF9DEB0F10 /* Pods_PestTechTests.framework */,
			);
			name = Frameworks;
			sourceTree = "<group>";
		};
		F588A227DDD3DAF66E2C0576 /* Pods */ = {
			isa = PBXGroup;
			children = (
				FC870A2BEE06DC0BD2E22D49 /* Pods-PestTech.debug.xcconfig */,
				9D9E615D9D90953B3F84EFCD /* Pods-PestTech.release.xcconfig */,
				C19C2280294C4518BB4A1659 /* Pods-PestTech-PestTechUITests.debug.xcconfig */,
				942B312DE0D7D9080CD4256D /* Pods-PestTech-PestTechUITests.release.xcconfig */,
				3548DF3E429FEB848464E86D /* Pods-PestTechTests.debug.xcconfig */,
				8AA1709C2B654BB368DF7B97 /* Pods-PestTechTests.release.xcconfig */,
			);
			path = Pods;
			sourceTree = "<group>";
		};
		FD043993290B4C30008938F1 = {
			isa = PBXGroup;
			children = (
				FD04399E290B4C30008938F1 /* PestTech */,
				FD0439B5290B4C31008938F1 /* PestTechTests */,
				FD0439BF290B4C31008938F1 /* PestTechUITests */,
				FD04399D290B4C30008938F1 /* Products */,
				F588A227DDD3DAF66E2C0576 /* Pods */,
				7872BFEDF565C33BEFED70D9 /* Frameworks */,
			);
			sourceTree = "<group>";
		};
		FD04399D290B4C30008938F1 /* Products */ = {
			isa = PBXGroup;
			children = (
				FD04399C290B4C30008938F1 /* PestTech.app */,
				FD0439B2290B4C31008938F1 /* PestTechTests.xctest */,
				FD0439BC290B4C31008938F1 /* PestTechUITests.xctest */,
			);
			name = Products;
			sourceTree = "<group>";
		};
		FD04399E290B4C30008938F1 /* PestTech */ = {
			isa = PBXGroup;
			children = (
				FD04399F290B4C30008938F1 /* AppDelegate.swift */,
				FD0439A1290B4C30008938F1 /* SceneDelegate.swift */,
				FD0439A3290B4C30008938F1 /* ViewController.swift */,
				FD0439A5290B4C30008938F1 /* Main.storyboard */,
				FD0439A8290B4C31008938F1 /* Assets.xcassets */,
				FD0439AA290B4C31008938F1 /* LaunchScreen.storyboard */,
				FD0439AD290B4C31008938F1 /* Info.plist */,
				FDE50D9A2911C7BD00A28D86 /* ListViewController.swift */,
				FDE50D9C2911C7FA00A28D86 /* ListCell.swift */,
			);
			path = PestTech;
			sourceTree = "<group>";
		};
		FD0439B5290B4C31008938F1 /* PestTechTests */ = {
			isa = PBXGroup;
			children = (
				FD0439B6290B4C31008938F1 /* PestTechTests.swift */,
			);
			path = PestTechTests;
			sourceTree = "<group>";
		};
		FD0439BF290B4C31008938F1 /* PestTechUITests */ = {
			isa = PBXGroup;
			children = (
				FD0439C0290B4C31008938F1 /* PestTechUITests.swift */,
				FD0439C2290B4C31008938F1 /* PestTechUITestsLaunchTests.swift */,
			);
			path = PestTechUITests;
			sourceTree = "<group>";
		};
/* End PBXGroup section */

/* Begin PBXNativeTarget section */
		FD04399B290B4C30008938F1 /* PestTech */ = {
			isa = PBXNativeTarget;
			buildConfigurationList = FD0439C6290B4C31008938F1 /* Build configuration list for PBXNativeTarget "PestTech" */;
			buildPhases = (
				9F6F9B39B1C32FA8B47DF7ED /* [CP] Check Pods Manifest.lock */,
				FD043998290B4C30008938F1 /* Sources */,
				FD043999290B4C30008938F1 /* Frameworks */,
				FD04399A290B4C30008938F1 /* Resources */,
				2A2532E76BD1463AD5A71579 /* [CP] Embed Pods Frameworks */,
			);
			buildRules = (
			);
			dependencies = (
			);
			name = PestTech;
			productName = PestTech;
			productReference = FD04399C290B4C30008938F1 /* PestTech.app */;
			productType = "com.apple.product-type.application";
		};
		FD0439B1290B4C31008938F1 /* PestTechTests */ = {
			isa = PBXNativeTarget;
			buildConfigurationList = FD0439C9290B4C31008938F1 /* Build configuration list for PBXNativeTarget "PestTechTests" */;
			buildPhases = (
				3AA66C4823ADB75C6FCC14EC /* [CP] Check Pods Manifest.lock */,
				FD0439AE290B4C31008938F1 /* Sources */,
				FD0439AF290B4C31008938F1 /* Frameworks */,
				FD0439B0290B4C31008938F1 /* Resources */,
			);
			buildRules = (
			);
			dependencies = (
				FD0439B4290B4C31008938F1 /* PBXTargetDependency */,
			);
			name = PestTechTests;
			productName = PestTechTests;
			productReference = FD0439B2290B4C31008938F1 /* PestTechTests.xctest */;
			productType = "com.apple.product-type.bundle.unit-test";
		};
		FD0439BB290B4C31008938F1 /* PestTechUITests */ = {
			isa = PBXNativeTarget;
			buildConfigurationList = FD0439CC290B4C31008938F1 /* Build configuration list for PBXNativeTarget "PestTechUITests" */;
			buildPhases = (
				BBD044BA114B92E56CF1AA94 /* [CP] Check Pods Manifest.lock */,
				FD0439B8290B4C31008938F1 /* Sources */,
				FD0439B9290B4C31008938F1 /* Frameworks */,
				FD0439BA290B4C31008938F1 /* Resources */,
				FEE875195735AD44D2D8D78A /* [CP] Embed Pods Frameworks */,
			);
			buildRules = (
			);
			dependencies = (
				FD0439BE290B4C31008938F1 /* PBXTargetDependency */,
			);
			name = PestTechUITests;
			productName = PestTechUITests;
			productReference = FD0439BC290B4C31008938F1 /* PestTechUITests.xctest */;
			productType = "com.apple.product-type.bundle.ui-testing";
		};
/* End PBXNativeTarget section */

/* Begin PBXProject section */
		FD043994290B4C30008938F1 /* Project object */ = {
			isa = PBXProject;
			attributes = {
				BuildIndependentTargetsInParallel = 1;
				LastSwiftUpdateCheck = 1400;
				LastUpgradeCheck = 1400;
				TargetAttributes = {
					FD04399B290B4C30008938F1 = {
						CreatedOnToolsVersion = 14.0.1;
					};
					FD0439B1290B4C31008938F1 = {
						CreatedOnToolsVersion = 14.0.1;
						TestTargetID = FD04399B290B4C30008938F1;
					};
					FD0439BB290B4C31008938F1 = {
						CreatedOnToolsVersion = 14.0.1;
						TestTargetID = FD04399B290B4C30008938F1;
					};
				};
			};
			buildConfigurationList = FD043997290B4C30008938F1 /* Build configuration list for PBXProject "PestTech" */;
			compatibilityVersion = "Xcode 14.0";
			developmentRegion = en;
			hasScannedForEncodings = 0;
			knownRegions = (
				en,
				Base,
			);
			mainGroup = FD043993290B4C30008938F1;
			productRefGroup = FD04399D290B4C30008938F1 /* Products */;
			projectDirPath = "";
			projectRoot = "";
			targets = (
				FD04399B290B4C30008938F1 /* PestTech */,
				FD0439B1290B4C31008938F1 /* PestTechTests */,
				FD0439BB290B4C31008938F1 /* PestTechUITests */,
			);
		};
/* End PBXProject section */

/* Begin PBXResourcesBuildPhase section */
		FD04399A290B4C30008938F1 /* Resources */ = {
			isa = PBXResourcesBuildPhase;
			buildActionMask = 2147483647;
			files = (
				FD0439AC290B4C31008938F1 /* LaunchScreen.storyboard in Resources */,
				FD0439A9290B4C31008938F1 /* Assets.xcassets in Resources */,
				FD0439A7290B4C30008938F1 /* Main.storyboard in Resources */,
			);
			runOnlyForDeploymentPostprocessing = 0;
		};
		FD0439B0290B4C31008938F1 /* Resources */ = {
			isa = PBXResourcesBuildPhase;
			buildActionMask = 2147483647;
			files = (
			);
			runOnlyForDeploymentPostprocessing = 0;
		};
		FD0439BA290B4C31008938F1 /* Resources */ = {
			isa = PBXResourcesBuildPhase;
			buildActionMask = 2147483647;
			files = (
			);
			runOnlyForDeploymentPostprocessing = 0;
		};
/* End PBXResourcesBuildPhase section */

/* Begin PBXShellScriptBuildPhase section */
		2A2532E76BD1463AD5A71579 /* [CP] Embed Pods Frameworks */ = {
			isa = PBXShellScriptBuildPhase;
			buildActionMask = 2147483647;
			files = (
			);
			inputFileListPaths = (
				"${PODS_ROOT}/Target Support Files/Pods-PestTech/Pods-PestTech-frameworks-${CONFIGURATION}-input-files.xcfilelist",
			);
			name = "[CP] Embed Pods Frameworks";
			outputFileListPaths = (
				"${PODS_ROOT}/Target Support Files/Pods-PestTech/Pods-PestTech-frameworks-${CONFIGURATION}-output-files.xcfilelist",
			);
			runOnlyForDeploymentPostprocessing = 0;
			shellPath = /bin/sh;
			shellScript = "\"${PODS_ROOT}/Target Support Files/Pods-PestTech/Pods-PestTech-frameworks.sh\"\n";
			showEnvVarsInLog = 0;
		};
		3AA66C4823ADB75C6FCC14EC /* [CP] Check Pods Manifest.lock */ = {
			isa = PBXShellScriptBuildPhase;
			buildActionMask = 2147483647;
			files = (
			);
			inputFileListPaths = (
			);
			inputPaths = (
				"${PODS_PODFILE_DIR_PATH}/Podfile.lock",
				"${PODS_ROOT}/Manifest.lock",
			);
			name = "[CP] Check Pods Manifest.lock";
			outputFileListPaths = (
			);
			outputPaths = (
				"$(DERIVED_FILE_DIR)/Pods-PestTechTests-checkManifestLockResult.txt",
			);
			runOnlyForDeploymentPostprocessing = 0;
			shellPath = /bin/sh;
			shellScript = "diff \"${PODS_PODFILE_DIR_PATH}/Podfile.lock\" \"${PODS_ROOT}/Manifest.lock\" > /dev/null\nif [ $? != 0 ] ; then\n    # print error to STDERR\n    echo \"error: The sandbox is not in sync with the Podfile.lock. Run 'pod install' or update your CocoaPods installation.\" >&2\n    exit 1\nfi\n# This output is used by Xcode 'outputs' to avoid re-running this script phase.\necho \"SUCCESS\" > \"${SCRIPT_OUTPUT_FILE_0}\"\n";
			showEnvVarsInLog = 0;
		};
		9F6F9B39B1C32FA8B47DF7ED /* [CP] Check Pods Manifest.lock */ = {
			isa = PBXShellScriptBuildPhase;
			buildActionMask = 2147483647;
			files = (
			);
			inputFileListPaths = (
			);
			inputPaths = (
				"${PODS_PODFILE_DIR_PATH}/Podfile.lock",
				"${PODS_ROOT}/Manifest.lock",
			);
			name = "[CP] Check Pods Manifest.lock";
			outputFileListPaths = (
			);
			outputPaths = (
				"$(DERIVED_FILE_DIR)/Pods-PestTech-checkManifestLockResult.txt",
			);
			runOnlyForDeploymentPostprocessing = 0;
			shellPath = /bin/sh;
			shellScript = "diff \"${PODS_PODFILE_DIR_PATH}/Podfile.lock\" \"${PODS_ROOT}/Manifest.lock\" > /dev/null\nif [ $? != 0 ] ; then\n    # print error to STDERR\n    echo \"error: The sandbox is not in sync with the Podfile.lock. Run 'pod install' or update your CocoaPods installation.\" >&2\n    exit 1\nfi\n# This output is used by Xcode 'outputs' to avoid re-running this script phase.\necho \"SUCCESS\" > \"${SCRIPT_OUTPUT_FILE_0}\"\n";
			showEnvVarsInLog = 0;
		};
		BBD044BA114B92E56CF1AA94 /* [CP] Check Pods Manifest.lock */ = {
			isa = PBXShellScriptBuildPhase;
			buildActionMask = 2147483647;
			files = (
			);
			inputFileListPaths = (
			);
			inputPaths = (
				"${PODS_PODFILE_DIR_PATH}/Podfile.lock",
				"${PODS_ROOT}/Manifest.lock",
			);
			name = "[CP] Check Pods Manifest.lock";
			outputFileListPaths = (
			);
			outputPaths = (
				"$(DERIVED_FILE_DIR)/Pods-PestTech-PestTechUITests-checkManifestLockResult.txt",
			);
			runOnlyForDeploymentPostprocessing = 0;
			shellPath = /bin/sh;
			shellScript = "diff \"${PODS_PODFILE_DIR_PATH}/Podfile.lock\" \"${PODS_ROOT}/Manifest.lock\" > /dev/null\nif [ $? != 0 ] ; then\n    # print error to STDERR\n    echo \"error: The sandbox is not in sync with the Podfile.lock. Run 'pod install' or update your CocoaPods installation.\" >&2\n    exit 1\nfi\n# This output is used by Xcode 'outputs' to avoid re-running this script phase.\necho \"SUCCESS\" > \"${SCRIPT_OUTPUT_FILE_0}\"\n";
			showEnvVarsInLog = 0;
		};
		FEE875195735AD44D2D8D78A /* [CP] Embed Pods Frameworks */ = {
			isa = PBXShellScriptBuildPhase;
			buildActionMask = 2147483647;
			files = (
			);
			inputFileListPaths = (
				"${PODS_ROOT}/Target Support Files/Pods-PestTech-PestTechUITests/Pods-PestTech-PestTechUITests-frameworks-${CONFIGURATION}-input-files.xcfilelist",
			);
			name = "[CP] Embed Pods Frameworks";
			outputFileListPaths = (
				"${PODS_ROOT}/Target Support Files/Pods-PestTech-PestTechUITests/Pods-PestTech-PestTechUITests-frameworks-${CONFIGURATION}-output-files.xcfilelist",
			);
			runOnlyForDeploymentPostprocessing = 0;
			shellPath = /bin/sh;
			shellScript = "\"${PODS_ROOT}/Target Support Files/Pods-PestTech-PestTechUITests/Pods-PestTech-PestTechUITests-frameworks.sh\"\n";
			showEnvVarsInLog = 0;
		};
/* End PBXShellScriptBuildPhase section */

/* Begin PBXSourcesBuildPhase section */
		FD043998290B4C30008938F1 /* Sources */ = {
			isa = PBXSourcesBuildPhase;
			buildActionMask = 2147483647;
			files = (
				FD0439A4290B4C30008938F1 /* ViewController.swift in Sources */,
				FD0439A0290B4C30008938F1 /* AppDelegate.swift in Sources */,
				FDE50D9B2911C7BD00A28D86 /* ListViewController.swift in Sources */,
				FDE50D9D2911C7FA00A28D86 /* ListCell.swift in Sources */,
				FD0439A2290B4C30008938F1 /* SceneDelegate.swift in Sources */,
			);
			runOnlyForDeploymentPostprocessing = 0;
		};
		FD0439AE290B4C31008938F1 /* Sources */ = {
			isa = PBXSourcesBuildPhase;
			buildActionMask = 2147483647;
			files = (
				FD0439B7290B4C31008938F1 /* PestTechTests.swift in Sources */,
			);
			runOnlyForDeploymentPostprocessing = 0;
		};
		FD0439B8290B4C31008938F1 /* Sources */ = {
			isa = PBXSourcesBuildPhase;
			buildActionMask = 2147483647;
			files = (
				FD0439C3290B4C31008938F1 /* PestTechUITestsLaunchTests.swift in Sources */,
				FD0439C1290B4C31008938F1 /* PestTechUITests.swift in Sources */,
			);
			runOnlyForDeploymentPostprocessing = 0;
		};
/* End PBXSourcesBuildPhase section */

/* Begin PBXTargetDependency section */
		FD0439B4290B4C31008938F1 /* PBXTargetDependency */ = {
			isa = PBXTargetDependency;
			target = FD04399B290B4C30008938F1 /* PestTech */;
			targetProxy = FD0439B3290B4C31008938F1 /* PBXContainerItemProxy */;
		};
		FD0439BE290B4C31008938F1 /* PBXTargetDependency */ = {
			isa = PBXTargetDependency;
			target = FD04399B290B4C30008938F1 /* PestTech */;
			targetProxy = FD0439BD290B4C31008938F1 /* PBXContainerItemProxy */;
		};
/* End PBXTargetDependency section */

/* Begin PBXVariantGroup section */
		FD0439A5290B4C30008938F1 /* Main.storyboard */ = {
			isa = PBXVariantGroup;
			children = (
				FD0439A6290B4C30008938F1 /* Base */,
			);
			name = Main.storyboard;
			sourceTree = "<group>";
		};
		FD0439AA290B4C31008938F1 /* LaunchScreen.storyboard */ = {
			isa = PBXVariantGroup;
			children = (
				FD0439AB290B4C31008938F1 /* Base */,
			);
			name = LaunchScreen.storyboard;
			sourceTree = "<group>";
		};
/* End PBXVariantGroup section */

/* Begin XCBuildConfiguration section */
		FD0439C4290B4C31008938F1 /* Debug */ = {
			isa = XCBuildConfiguration;
			buildSettings = {
				ALWAYS_SEARCH_USER_PATHS = NO;
				CLANG_ANALYZER_NONNULL = YES;
				CLANG_ANALYZER_NUMBER_OBJECT_CONVERSION = YES_AGGRESSIVE;
				CLANG_CXX_LANGUAGE_STANDARD = "gnu++20";
				CLANG_ENABLE_MODULES = YES;
				CLANG_ENABLE_OBJC_ARC = YES;
				CLANG_ENABLE_OBJC_WEAK = YES;
				CLANG_WARN_BLOCK_CAPTURE_AUTORELEASING = YES;
				CLANG_WARN_BOOL_CONVERSION = YES;
				CLANG_WARN_COMMA = YES;
				CLANG_WARN_CONSTANT_CONVERSION = YES;
				CLANG_WARN_DEPRECATED_OBJC_IMPLEMENTATIONS = YES;
				CLANG_WARN_DIRECT_OBJC_ISA_USAGE = YES_ERROR;
				CLANG_WARN_DOCUMENTATION_COMMENTS = YES;
				CLANG_WARN_EMPTY_BODY = YES;
				CLANG_WARN_ENUM_CONVERSION = YES;
				CLANG_WARN_INFINITE_RECURSION = YES;
				CLANG_WARN_INT_CONVERSION = YES;
				CLANG_WARN_NON_LITERAL_NULL_CONVERSION = YES;
				CLANG_WARN_OBJC_IMPLICIT_RETAIN_SELF = YES;
				CLANG_WARN_OBJC_LITERAL_CONVERSION = YES;
				CLANG_WARN_OBJC_ROOT_CLASS = YES_ERROR;
				CLANG_WARN_QUOTED_INCLUDE_IN_FRAMEWORK_HEADER = YES;
				CLANG_WARN_RANGE_LOOP_ANALYSIS = YES;
				CLANG_WARN_STRICT_PROTOTYPES = YES;
				CLANG_WARN_SUSPICIOUS_MOVE = YES;
				CLANG_WARN_UNGUARDED_AVAILABILITY = YES_AGGRESSIVE;
				CLANG_WARN_UNREACHABLE_CODE = YES;
				CLANG_WARN__DUPLICATE_METHOD_MATCH = YES;
				COPY_PHASE_STRIP = NO;
				DEBUG_INFORMATION_FORMAT = dwarf;
				ENABLE_STRICT_OBJC_MSGSEND = YES;
				ENABLE_TESTABILITY = YES;
				GCC_C_LANGUAGE_STANDARD = gnu11;
				GCC_DYNAMIC_NO_PIC = NO;
				GCC_NO_COMMON_BLOCKS = YES;
				GCC_OPTIMIZATION_LEVEL = 0;
				GCC_PREPROCESSOR_DEFINITIONS = (
					"DEBUG=1",
					"$(inherited)",
				);
				GCC_WARN_64_TO_32_BIT_CONVERSION = YES;
				GCC_WARN_ABOUT_RETURN_TYPE = YES_ERROR;
				GCC_WARN_UNDECLARED_SELECTOR = YES;
				GCC_WARN_UNINITIALIZED_AUTOS = YES_AGGRESSIVE;
				GCC_WARN_UNUSED_FUNCTION = YES;
				GCC_WARN_UNUSED_VARIABLE = YES;
				IPHONEOS_DEPLOYMENT_TARGET = 16.0;
				MTL_ENABLE_DEBUG_INFO = INCLUDE_SOURCE;
				MTL_FAST_MATH = YES;
				ONLY_ACTIVE_ARCH = YES;
				SDKROOT = iphoneos;
				SWIFT_ACTIVE_COMPILATION_CONDITIONS = DEBUG;
				SWIFT_OPTIMIZATION_LEVEL = "-Onone";
			};
			name = Debug;
		};
		FD0439C5290B4C31008938F1 /* Release */ = {
			isa = XCBuildConfiguration;
			buildSettings = {
				ALWAYS_SEARCH_USER_PATHS = NO;
				CLANG_ANALYZER_NONNULL = YES;
				CLANG_ANALYZER_NUMBER_OBJECT_CONVERSION = YES_AGGRESSIVE;
				CLANG_CXX_LANGUAGE_STANDARD = "gnu++20";
				CLANG_ENABLE_MODULES = YES;
				CLANG_ENABLE_OBJC_ARC = YES;
				CLANG_ENABLE_OBJC_WEAK = YES;
				CLANG_WARN_BLOCK_CAPTURE_AUTORELEASING = YES;
				CLANG_WARN_BOOL_CONVERSION = YES;
				CLANG_WARN_COMMA = YES;
				CLANG_WARN_CONSTANT_CONVERSION = YES;
				CLANG_WARN_DEPRECATED_OBJC_IMPLEMENTATIONS = YES;
				CLANG_WARN_DIRECT_OBJC_ISA_USAGE = YES_ERROR;
				CLANG_WARN_DOCUMENTATION_COMMENTS = YES;
				CLANG_WARN_EMPTY_BODY = YES;
				CLANG_WARN_ENUM_CONVERSION = YES;
				CLANG_WARN_INFINITE_RECURSION = YES;
				CLANG_WARN_INT_CONVERSION = YES;
				CLANG_WARN_NON_LITERAL_NULL_CONVERSION = YES;
				CLANG_WARN_OBJC_IMPLICIT_RETAIN_SELF = YES;
				CLANG_WARN_OBJC_LITERAL_CONVERSION = YES;
				CLANG_WARN_OBJC_ROOT_CLASS = YES_ERROR;
				CLANG_WARN_QUOTED_INCLUDE_IN_FRAMEWORK_HEADER = YES;
				CLANG_WARN_RANGE_LOOP_ANALYSIS = YES;
				CLANG_WARN_STRICT_PROTOTYPES = YES;
				CLANG_WARN_SUSPICIOUS_MOVE = YES;
				CLANG_WARN_UNGUARDED_AVAILABILITY = YES_AGGRESSIVE;
				CLANG_WARN_UNREACHABLE_CODE = YES;
				CLANG_WARN__DUPLICATE_METHOD_MATCH = YES;
				COPY_PHASE_STRIP = NO;
				DEBUG_INFORMATION_FORMAT = "dwarf-with-dsym";
				ENABLE_NS_ASSERTIONS = NO;
				ENABLE_STRICT_OBJC_MSGSEND = YES;
				GCC_C_LANGUAGE_STANDARD = gnu11;
				GCC_NO_COMMON_BLOCKS = YES;
				GCC_WARN_64_TO_32_BIT_CONVERSION = YES;
				GCC_WARN_ABOUT_RETURN_TYPE = YES_ERROR;
				GCC_WARN_UNDECLARED_SELECTOR = YES;
				GCC_WARN_UNINITIALIZED_AUTOS = YES_AGGRESSIVE;
				GCC_WARN_UNUSED_FUNCTION = YES;
				GCC_WARN_UNUSED_VARIABLE = YES;
				IPHONEOS_DEPLOYMENT_TARGET = 16.0;
				MTL_ENABLE_DEBUG_INFO = NO;
				MTL_FAST_MATH = YES;
				SDKROOT = iphoneos;
				SWIFT_COMPILATION_MODE = wholemodule;
				SWIFT_OPTIMIZATION_LEVEL = "-O";
				VALIDATE_PRODUCT = YES;
			};
			name = Release;
		};
		FD0439C7290B4C31008938F1 /* Debug */ = {
			isa = XCBuildConfiguration;
			baseConfigurationReference = FC870A2BEE06DC0BD2E22D49 /* Pods-PestTech.debug.xcconfig */;
			buildSettings = {
				ASSETCATALOG_COMPILER_APPICON_NAME = AppIcon;
				ASSETCATALOG_COMPILER_GLOBAL_ACCENT_COLOR_NAME = AccentColor;
				CODE_SIGN_STYLE = Automatic;
				CURRENT_PROJECT_VERSION = 1;
				GENERATE_INFOPLIST_FILE = YES;
				INFOPLIST_FILE = PestTech/Info.plist;
				INFOPLIST_KEY_UIApplicationSupportsIndirectInputEvents = YES;
				INFOPLIST_KEY_UILaunchStoryboardName = LaunchScreen;
				INFOPLIST_KEY_UIMainStoryboardFile = Main;
				INFOPLIST_KEY_UISupportedInterfaceOrientations_iPad = "UIInterfaceOrientationPortrait UIInterfaceOrientationPortraitUpsideDown UIInterfaceOrientationLandscapeLeft UIInterfaceOrientationLandscapeRight";
				INFOPLIST_KEY_UISupportedInterfaceOrientations_iPhone = "UIInterfaceOrientationPortrait UIInterfaceOrientationLandscapeLeft UIInterfaceOrientationLandscapeRight";
				LD_RUNPATH_SEARCH_PATHS = (
					"$(inherited)",
					"@executable_path/Frameworks",
				);
				MARKETING_VERSION = 1.0;
				PRODUCT_BUNDLE_IDENTIFIER = memo.com.PestTech;
				PRODUCT_NAME = "$(TARGET_NAME)";
				SWIFT_EMIT_LOC_STRINGS = YES;
				SWIFT_VERSION = 5.0;
				TARGETED_DEVICE_FAMILY = "1,2";
			};
			name = Debug;
		};
		FD0439C8290B4C31008938F1 /* Release */ = {
			isa = XCBuildConfiguration;
			baseConfigurationReference = 9D9E615D9D90953B3F84EFCD /* Pods-PestTech.release.xcconfig */;
			buildSettings = {
				ASSETCATALOG_COMPILER_APPICON_NAME = AppIcon;
				ASSETCATALOG_COMPILER_GLOBAL_ACCENT_COLOR_NAME = AccentColor;
				CODE_SIGN_STYLE = Automatic;
				CURRENT_PROJECT_VERSION = 1;
				GENERATE_INFOPLIST_FILE = YES;
				INFOPLIST_FILE = PestTech/Info.plist;
				INFOPLIST_KEY_UIApplicationSupportsIndirectInputEvents = YES;
				INFOPLIST_KEY_UILaunchStoryboardName = LaunchScreen;
				INFOPLIST_KEY_UIMainStoryboardFile = Main;
				INFOPLIST_KEY_UISupportedInterfaceOrientations_iPad = "UIInterfaceOrientationPortrait UIInterfaceOrientationPortraitUpsideDown UIInterfaceOrientationLandscapeLeft UIInterfaceOrientationLandscapeRight";
				INFOPLIST_KEY_UISupportedInterfaceOrientations_iPhone = "UIInterfaceOrientationPortrait UIInterfaceOrientationLandscapeLeft UIInterfaceOrientationLandscapeRight";
				LD_RUNPATH_SEARCH_PATHS = (
					"$(inherited)",
					"@executable_path/Frameworks",
				);
				MARKETING_VERSION = 1.0;
				PRODUCT_BUNDLE_IDENTIFIER = memo.com.PestTech;
				PRODUCT_NAME = "$(TARGET_NAME)";
				SWIFT_EMIT_LOC_STRINGS = YES;
				SWIFT_VERSION = 5.0;
				TARGETED_DEVICE_FAMILY = "1,2";
			};
			name = Release;
		};
		FD0439CA290B4C31008938F1 /* Debug */ = {
			isa = XCBuildConfiguration;
			baseConfigurationReference = 3548DF3E429FEB848464E86D /* Pods-PestTechTests.debug.xcconfig */;
			buildSettings = {
				ALWAYS_EMBED_SWIFT_STANDARD_LIBRARIES = YES;
				BUNDLE_LOADER = "$(TEST_HOST)";
				CODE_SIGN_STYLE = Automatic;
				CURRENT_PROJECT_VERSION = 1;
				GENERATE_INFOPLIST_FILE = YES;
				IPHONEOS_DEPLOYMENT_TARGET = 16.0;
				MARKETING_VERSION = 1.0;
				PRODUCT_BUNDLE_IDENTIFIER = memo.com.PestTechTests;
				PRODUCT_NAME = "$(TARGET_NAME)";
				SWIFT_EMIT_LOC_STRINGS = NO;
				SWIFT_VERSION = 5.0;
				TARGETED_DEVICE_FAMILY = "1,2";
				TEST_HOST = "$(BUILT_PRODUCTS_DIR)/PestTech.app/$(BUNDLE_EXECUTABLE_FOLDER_PATH)/PestTech";
			};
			name = Debug;
		};
		FD0439CB290B4C31008938F1 /* Release */ = {
			isa = XCBuildConfiguration;
			baseConfigurationReference = 8AA1709C2B654BB368DF7B97 /* Pods-PestTechTests.release.xcconfig */;
			buildSettings = {
				ALWAYS_EMBED_SWIFT_STANDARD_LIBRARIES = YES;
				BUNDLE_LOADER = "$(TEST_HOST)";
				CODE_SIGN_STYLE = Automatic;
				CURRENT_PROJECT_VERSION = 1;
				GENERATE_INFOPLIST_FILE = YES;
				IPHONEOS_DEPLOYMENT_TARGET = 16.0;
				MARKETING_VERSION = 1.0;
				PRODUCT_BUNDLE_IDENTIFIER = memo.com.PestTechTests;
				PRODUCT_NAME = "$(TARGET_NAME)";
				SWIFT_EMIT_LOC_STRINGS = NO;
				SWIFT_VERSION = 5.0;
				TARGETED_DEVICE_FAMILY = "1,2";
				TEST_HOST = "$(BUILT_PRODUCTS_DIR)/PestTech.app/$(BUNDLE_EXECUTABLE_FOLDER_PATH)/PestTech";
			};
			name = Release;
		};
		FD0439CD290B4C31008938F1 /* Debug */ = {
			isa = XCBuildConfiguration;
			baseConfigurationReference = C19C2280294C4518BB4A1659 /* Pods-PestTech-PestTechUITests.debug.xcconfig */;
			buildSettings = {
				ALWAYS_EMBED_SWIFT_STANDARD_LIBRARIES = YES;
				CODE_SIGN_STYLE = Automatic;
				CURRENT_PROJECT_VERSION = 1;
				GENERATE_INFOPLIST_FILE = YES;
				MARKETING_VERSION = 1.0;
				PRODUCT_BUNDLE_IDENTIFIER = memo.com.PestTechUITests;
				PRODUCT_NAME = "$(TARGET_NAME)";
				SWIFT_EMIT_LOC_STRINGS = NO;
				SWIFT_VERSION = 5.0;
				TARGETED_DEVICE_FAMILY = "1,2";
				TEST_TARGET_NAME = PestTech;
			};
			name = Debug;
		};
		FD0439CE290B4C31008938F1 /* Release */ = {
			isa = XCBuildConfiguration;
			baseConfigurationReference = 942B312DE0D7D9080CD4256D /* Pods-PestTech-PestTechUITests.release.xcconfig */;
			buildSettings = {
				ALWAYS_EMBED_SWIFT_STANDARD_LIBRARIES = YES;
				CODE_SIGN_STYLE = Automatic;
				CURRENT_PROJECT_VERSION = 1;
				GENERATE_INFOPLIST_FILE = YES;
				MARKETING_VERSION = 1.0;
				PRODUCT_BUNDLE_IDENTIFIER = memo.com.PestTechUITests;
				PRODUCT_NAME = "$(TARGET_NAME)";
				SWIFT_EMIT_LOC_STRINGS = NO;
				SWIFT_VERSION = 5.0;
				TARGETED_DEVICE_FAMILY = "1,2";
				TEST_TARGET_NAME = PestTech;
			};
			name = Release;
		};
/* End XCBuildConfiguration section */

/* Begin XCConfigurationList section */
		FD043997290B4C30008938F1 /* Build configuration list for PBXProject "PestTech" */ = {
			isa = XCConfigurationList;
			buildConfigurations = (
				FD0439C4290B4C31008938F1 /* Debug */,
				FD0439C5290B4C31008938F1 /* Release */,
			);
			defaultConfigurationIsVisible = 0;
			defaultConfigurationName = Release;
		};
		FD0439C6290B4C31008938F1 /* Build configuration list for PBXNativeTarget "PestTech" */ = {
			isa = XCConfigurationList;
			buildConfigurations = (
				FD0439C7290B4C31008938F1 /* Debug */,
				FD0439C8290B4C31008938F1 /* Release */,
			);
			defaultConfigurationIsVisible = 0;
			defaultConfigurationName = Release;
		};
		FD0439C9290B4C31008938F1 /* Build configuration list for PBXNativeTarget "PestTechTests" */ = {
			isa = XCConfigurationList;
			buildConfigurations = (
				FD0439CA290B4C31008938F1 /* Debug */,
				FD0439CB290B4C31008938F1 /* Release */,
			);
			defaultConfigurationIsVisible = 0;
			defaultConfigurationName = Release;
		};
		FD0439CC290B4C31008938F1 /* Build configuration list for PBXNativeTarget "PestTechUITests" */ = {
			isa = XCConfigurationList;
			buildConfigurations = (
				FD0439CD290B4C31008938F1 /* Debug */,
				FD0439CE290B4C31008938F1 /* Release */,
			);
			defaultConfigurationIsVisible = 0;
			defaultConfigurationName = Release;
		};
/* End XCConfigurationList section */
	};
	rootObject = FD043994290B4C30008938F1 /* Project object */;
}
